
Microsoft Visual Studio Solution File, Format Version 12.00
# Visual Studio Version 17
VisualStudioVersion = 17.14.36414.22
MinimumVisualStudioVersion = 10.0.40219.1
Project("{2150E333-8FDC-42A3-9474-1A3956D46DE8}") = "Tests", "Tests", "{02EA681E-C7D8-13C7-8484-4AC65E1B71E8}"
EndProject
Project("{2150E333-8FDC-42A3-9474-1A3956D46DE8}") = "Samples", "Samples", "{719336CE-8DB8-4C9F-AED5-1BFB84A806F3}"
EndProject
Project("{2150E333-8FDC-42A3-9474-1A3956D46DE8}") = "Src", "Src", "{E7A62A17-C00F-4821-A0EE-56403CF8D6B4}"
EndProject
Project("{FAE04EC0-301F-11D3-BF4B-00C04F79EFBC}") = "XUnitAssured.Tests", "XUnitAssured.Tests\XUnitAssured.Tests.csproj", "{C4E81D1A-E22D-42CC-BADB-7770D6F53884}"
EndProject
Project("{FAE04EC0-301F-11D3-BF4B-00C04F79EFBC}") = "SampleWebApi", "SampleWebApi\SampleWebApi.csproj", "{F6EBA73C-F6F6-821A-C09E-7F8DFF0DAA84}"
EndProject
Project("{FAE04EC0-301F-11D3-BF4B-00C04F79EFBC}") = "XUnitAssured.Kafka", "XUnitAssured.Kafka\XUnitAssured.Kafka.csproj", "{328D0906-5565-46E5-9D4B-19B84BD1028B}"
EndProject
Project("{FAE04EC0-301F-11D3-BF4B-00C04F79EFBC}") = "XUnitAssured.Core", "XUnitAssured.Core\XUnitAssured.Core.csproj", "{BA2A3187-581C-3E30-6F9C-5FAA90BCB935}"
EndProject
Project("{FAE04EC0-301F-11D3-BF4B-00C04F79EFBC}") = "XUnitAssured.Http", "XUnitAssured.Http\XUnitAssured.Http.csproj", "{A1F2A497-2641-53DE-5551-23F10BFDCD2D}"
EndProject
Project("{FAE04EC0-301F-11D3-BF4B-00C04F79EFBC}") = "XUnitAssured.DependencyInjection", "XUnitAssured.DependencyInjection\XUnitAssured.DependencyInjection.csproj", "{1E00D195-C544-430D-A65E-8446A5377727}"
EndProject
Project("{FAE04EC0-301F-11D3-BF4B-00C04F79EFBC}") = "XUnitAssured.Http.Samples.Test", "XUnitAssured.Http.Samples.Test\XUnitAssured.Http.Samples.Test.csproj", "{45DF764C-2ADF-38DF-E032-D360C6BF0829}"
EndProject
Project("{FAE04EC0-301F-11D3-BF4B-00C04F79EFBC}") = "XUnitAssured.Extensions", "XUnitAssured.Extensions\XUnitAssured.Extensions.csproj", "{37AE8F03-D2FA-4F90-B417-DF696C1170B0}"
EndProject
Global
	GlobalSection(SolutionConfigurationPlatforms) = preSolution
		Debug|Any CPU = Debug|Any CPU
		Debug|x64 = Debug|x64
		Debug|x86 = Debug|x86
		Release|Any CPU = Release|Any CPU
		Release|x64 = Release|x64
		Release|x86 = Release|x86
	EndGlobalSection
	GlobalSection(ProjectConfigurationPlatforms) = postSolution
		{C4E81D1A-E22D-42CC-BADB-7770D6F53884}.Debug|Any CPU.ActiveCfg = Debug|Any CPU
		{C4E81D1A-E22D-42CC-BADB-7770D6F53884}.Debug|Any CPU.Build.0 = Debug|Any CPU
		{C4E81D1A-E22D-42CC-BADB-7770D6F53884}.Debug|x64.ActiveCfg = Debug|Any CPU
		{C4E81D1A-E22D-42CC-BADB-7770D6F53884}.Debug|x64.Build.0 = Debug|Any CPU
		{C4E81D1A-E22D-42CC-BADB-7770D6F53884}.Debug|x86.ActiveCfg = Debug|Any CPU
		{C4E81D1A-E22D-42CC-BADB-7770D6F53884}.Debug|x86.Build.0 = Debug|Any CPU
		{C4E81D1A-E22D-42CC-BADB-7770D6F53884}.Release|Any CPU.ActiveCfg = Release|Any CPU
		{C4E81D1A-E22D-42CC-BADB-7770D6F53884}.Release|Any CPU.Build.0 = Release|Any CPU
		{C4E81D1A-E22D-42CC-BADB-7770D6F53884}.Release|x64.ActiveCfg = Release|Any CPU
		{C4E81D1A-E22D-42CC-BADB-7770D6F53884}.Release|x64.Build.0 = Release|Any CPU
		{C4E81D1A-E22D-42CC-BADB-7770D6F53884}.Release|x86.ActiveCfg = Release|Any CPU
		{C4E81D1A-E22D-42CC-BADB-7770D6F53884}.Release|x86.Build.0 = Release|Any CPU
		{F6EBA73C-F6F6-821A-C09E-7F8DFF0DAA84}.Debug|Any CPU.ActiveCfg = Debug|Any CPU
		{F6EBA73C-F6F6-821A-C09E-7F8DFF0DAA84}.Debug|Any CPU.Build.0 = Debug|Any CPU
		{F6EBA73C-F6F6-821A-C09E-7F8DFF0DAA84}.Debug|x64.ActiveCfg = Debug|Any CPU
		{F6EBA73C-F6F6-821A-C09E-7F8DFF0DAA84}.Debug|x64.Build.0 = Debug|Any CPU
		{F6EBA73C-F6F6-821A-C09E-7F8DFF0DAA84}.Debug|x86.ActiveCfg = Debug|Any CPU
		{F6EBA73C-F6F6-821A-C09E-7F8DFF0DAA84}.Debug|x86.Build.0 = Debug|Any CPU
		{F6EBA73C-F6F6-821A-C09E-7F8DFF0DAA84}.Release|Any CPU.ActiveCfg = Release|Any CPU
		{F6EBA73C-F6F6-821A-C09E-7F8DFF0DAA84}.Release|Any CPU.Build.0 = Release|Any CPU
		{F6EBA73C-F6F6-821A-C09E-7F8DFF0DAA84}.Release|x64.ActiveCfg = Release|Any CPU
		{F6EBA73C-F6F6-821A-C09E-7F8DFF0DAA84}.Release|x64.Build.0 = Release|Any CPU
		{F6EBA73C-F6F6-821A-C09E-7F8DFF0DAA84}.Release|x86.ActiveCfg = Release|Any CPU
		{F6EBA73C-F6F6-821A-C09E-7F8DFF0DAA84}.Release|x86.Build.0 = Release|Any CPU
		{328D0906-5565-46E5-9D4B-19B84BD1028B}.Debug|Any CPU.ActiveCfg = Debug|Any CPU
		{328D0906-5565-46E5-9D4B-19B84BD1028B}.Debug|Any CPU.Build.0 = Debug|Any CPU
		{328D0906-5565-46E5-9D4B-19B84BD1028B}.Debug|x64.ActiveCfg = Debug|Any CPU
		{328D0906-5565-46E5-9D4B-19B84BD1028B}.Debug|x64.Build.0 = Debug|Any CPU
		{328D0906-5565-46E5-9D4B-19B84BD1028B}.Debug|x86.ActiveCfg = Debug|Any CPU
		{328D0906-5565-46E5-9D4B-19B84BD1028B}.Debug|x86.Build.0 = Debug|Any CPU
		{328D0906-5565-46E5-9D4B-19B84BD1028B}.Release|Any CPU.ActiveCfg = Release|Any CPU
		{328D0906-5565-46E5-9D4B-19B84BD1028B}.Release|Any CPU.Build.0 = Release|Any CPU
		{328D0906-5565-46E5-9D4B-19B84BD1028B}.Release|x64.ActiveCfg = Release|Any CPU
		{328D0906-5565-46E5-9D4B-19B84BD1028B}.Release|x64.Build.0 = Release|Any CPU
		{328D0906-5565-46E5-9D4B-19B84BD1028B}.Release|x86.ActiveCfg = Release|Any CPU
		{328D0906-5565-46E5-9D4B-19B84BD1028B}.Release|x86.Build.0 = Release|Any CPU
		{BA2A3187-581C-3E30-6F9C-5FAA90BCB935}.Debug|Any CPU.ActiveCfg = Debug|Any CPU
		{BA2A3187-581C-3E30-6F9C-5FAA90BCB935}.Debug|Any CPU.Build.0 = Debug|Any CPU
		{BA2A3187-581C-3E30-6F9C-5FAA90BCB935}.Debug|x64.ActiveCfg = Debug|Any CPU
		{BA2A3187-581C-3E30-6F9C-5FAA90BCB935}.Debug|x64.Build.0 = Debug|Any CPU
		{BA2A3187-581C-3E30-6F9C-5FAA90BCB935}.Debug|x86.ActiveCfg = Debug|Any CPU
		{BA2A3187-581C-3E30-6F9C-5FAA90BCB935}.Debug|x86.Build.0 = Debug|Any CPU
		{BA2A3187-581C-3E30-6F9C-5FAA90BCB935}.Release|Any CPU.ActiveCfg = Release|Any CPU
		{BA2A3187-581C-3E30-6F9C-5FAA90BCB935}.Release|Any CPU.Build.0 = Release|Any CPU
		{BA2A3187-581C-3E30-6F9C-5FAA90BCB935}.Release|x64.ActiveCfg = Release|Any CPU
		{BA2A3187-581C-3E30-6F9C-5FAA90BCB935}.Release|x64.Build.0 = Release|Any CPU
		{BA2A3187-581C-3E30-6F9C-5FAA90BCB935}.Release|x86.ActiveCfg = Release|Any CPU
		{BA2A3187-581C-3E30-6F9C-5FAA90BCB935}.Release|x86.Build.0 = Release|Any CPU
		{A1F2A497-2641-53DE-5551-23F10BFDCD2D}.Debug|Any CPU.ActiveCfg = Debug|Any CPU
		{A1F2A497-2641-53DE-5551-23F10BFDCD2D}.Debug|Any CPU.Build.0 = Debug|Any CPU
		{A1F2A497-2641-53DE-5551-23F10BFDCD2D}.Debug|x64.ActiveCfg = Debug|Any CPU
		{A1F2A497-2641-53DE-5551-23F10BFDCD2D}.Debug|x64.Build.0 = Debug|Any CPU
		{A1F2A497-2641-53DE-5551-23F10BFDCD2D}.Debug|x86.ActiveCfg = Debug|Any CPU
		{A1F2A497-2641-53DE-5551-23F10BFDCD2D}.Debug|x86.Build.0 = Debug|Any CPU
		{A1F2A497-2641-53DE-5551-23F10BFDCD2D}.Release|Any CPU.ActiveCfg = Release|Any CPU
		{A1F2A497-2641-53DE-5551-23F10BFDCD2D}.Release|Any CPU.Build.0 = Release|Any CPU
		{A1F2A497-2641-53DE-5551-23F10BFDCD2D}.Release|x64.ActiveCfg = Release|Any CPU
		{A1F2A497-2641-53DE-5551-23F10BFDCD2D}.Release|x64.Build.0 = Release|Any CPU
		{A1F2A497-2641-53DE-5551-23F10BFDCD2D}.Release|x86.ActiveCfg = Release|Any CPU
		{A1F2A497-2641-53DE-5551-23F10BFDCD2D}.Release|x86.Build.0 = Release|Any CPU
		{1E00D195-C544-430D-A65E-8446A5377727}.Debug|Any CPU.ActiveCfg = Debug|Any CPU
		{1E00D195-C544-430D-A65E-8446A5377727}.Debug|Any CPU.Build.0 = Debug|Any CPU
		{1E00D195-C544-430D-A65E-8446A5377727}.Debug|x64.ActiveCfg = Debug|Any CPU
		{1E00D195-C544-430D-A65E-8446A5377727}.Debug|x64.Build.0 = Debug|Any CPU
		{1E00D195-C544-430D-A65E-8446A5377727}.Debug|x86.ActiveCfg = Debug|Any CPU
		{1E00D195-C544-430D-A65E-8446A5377727}.Debug|x86.Build.0 = Debug|Any CPU
		{1E00D195-C544-430D-A65E-8446A5377727}.Release|Any CPU.ActiveCfg = Release|Any CPU
		{1E00D195-C544-430D-A65E-8446A5377727}.Release|Any CPU.Build.0 = Release|Any CPU
		{1E00D195-C544-430D-A65E-8446A5377727}.Release|x64.ActiveCfg = Release|Any CPU
		{1E00D195-C544-430D-A65E-8446A5377727}.Release|x64.Build.0 = Release|Any CPU
		{1E00D195-C544-430D-A65E-8446A5377727}.Release|x86.ActiveCfg = Release|Any CPU
		{1E00D195-C544-430D-A65E-8446A5377727}.Release|x86.Build.0 = Release|Any CPU
		{45DF764C-2ADF-38DF-E032-D360C6BF0829}.Debug|Any CPU.ActiveCfg = Debug|Any CPU
		{45DF764C-2ADF-38DF-E032-D360C6BF0829}.Debug|Any CPU.Build.0 = Debug|Any CPU
		{45DF764C-2ADF-38DF-E032-D360C6BF0829}.Debug|x64.ActiveCfg = Debug|Any CPU
		{45DF764C-2ADF-38DF-E032-D360C6BF0829}.Debug|x64.Build.0 = Debug|Any CPU
		{45DF764C-2ADF-38DF-E032-D360C6BF0829}.Debug|x86.ActiveCfg = Debug|Any CPU
		{45DF764C-2ADF-38DF-E032-D360C6BF0829}.Debug|x86.Build.0 = Debug|Any CPU
		{45DF764C-2ADF-38DF-E032-D360C6BF0829}.Release|Any CPU.ActiveCfg = Release|Any CPU
		{45DF764C-2ADF-38DF-E032-D360C6BF0829}.Release|Any CPU.Build.0 = Release|Any CPU
		{45DF764C-2ADF-38DF-E032-D360C6BF0829}.Release|x64.ActiveCfg = Release|Any CPU
		{45DF764C-2ADF-38DF-E032-D360C6BF0829}.Release|x64.Build.0 = Release|Any CPU
		{45DF764C-2ADF-38DF-E032-D360C6BF0829}.Release|x86.ActiveCfg = Release|Any CPU
		{45DF764C-2ADF-38DF-E032-D360C6BF0829}.Release|x86.Build.0 = Release|Any CPU
		{37AE8F03-D2FA-4F90-B417-DF696C1170B0}.Debug|Any CPU.ActiveCfg = Debug|Any CPU
		{37AE8F03-D2FA-4F90-B417-DF696C1170B0}.Debug|Any CPU.Build.0 = Debug|Any CPU
		{37AE8F03-D2FA-4F90-B417-DF696C1170B0}.Debug|x64.ActiveCfg = Debug|Any CPU
		{37AE8F03-D2FA-4F90-B417-DF696C1170B0}.Debug|x64.Build.0 = Debug|Any CPU
		{37AE8F03-D2FA-4F90-B417-DF696C1170B0}.Debug|x86.ActiveCfg = Debug|Any CPU
		{37AE8F03-D2FA-4F90-B417-DF696C1170B0}.Debug|x86.Build.0 = Debug|Any CPU
		{37AE8F03-D2FA-4F90-B417-DF696C1170B0}.Release|Any CPU.ActiveCfg = Release|Any CPU
		{37AE8F03-D2FA-4F90-B417-DF696C1170B0}.Release|Any CPU.Build.0 = Release|Any CPU
		{37AE8F03-D2FA-4F90-B417-DF696C1170B0}.Release|x64.ActiveCfg = Release|Any CPU
		{37AE8F03-D2FA-4F90-B417-DF696C1170B0}.Release|x64.Build.0 = Release|Any CPU
		{37AE8F03-D2FA-4F90-B417-DF696C1170B0}.Release|x86.ActiveCfg = Release|Any CPU
		{37AE8F03-D2FA-4F90-B417-DF696C1170B0}.Release|x86.Build.0 = Release|Any CPU
	EndGlobalSection
	GlobalSection(SolutionProperties) = preSolution
		HideSolutionNode = FALSE
	EndGlobalSection
	GlobalSection(NestedProjects) = preSolution
		{C4E81D1A-E22D-42CC-BADB-7770D6F53884} = {02EA681E-C7D8-13C7-8484-4AC65E1B71E8}
		{F6EBA73C-F6F6-821A-C09E-7F8DFF0DAA84} = {719336CE-8DB8-4C9F-AED5-1BFB84A806F3}
		{328D0906-5565-46E5-9D4B-19B84BD1028B} = {E7A62A17-C00F-4821-A0EE-56403CF8D6B4}
		{BA2A3187-581C-3E30-6F9C-5FAA90BCB935} = {E7A62A17-C00F-4821-A0EE-56403CF8D6B4}
		{A1F2A497-2641-53DE-5551-23F10BFDCD2D} = {E7A62A17-C00F-4821-A0EE-56403CF8D6B4}
		{1E00D195-C544-430D-A65E-8446A5377727} = {E7A62A17-C00F-4821-A0EE-56403CF8D6B4}
		{45DF764C-2ADF-38DF-E032-D360C6BF0829} = {02EA681E-C7D8-13C7-8484-4AC65E1B71E8}
		{37AE8F03-D2FA-4F90-B417-DF696C1170B0} = {E7A62A17-C00F-4821-A0EE-56403CF8D6B4}
	EndGlobalSection
	GlobalSection(ExtensibilityGlobals) = postSolution
		SolutionGuid = {B757C820-A762-4102-A668-E0C8119FAA4C}
	EndGlobalSection
EndGlobal
